
Microsoft Visual Studio Solution File, Format Version 12.00
# Visual Studio Version 17
VisualStudioVersion = 17.8.34309.116
MinimumVisualStudioVersion = 10.0.40219.1
Project("{FAE04EC0-301F-11D3-BF4B-00C04F79EFBC}") = "BlazorApp4", "BlazorApp4.csproj", "{175ADEFB-F861-429F-BA8C-1944D937F8EA}"
EndProject
Global
	GlobalSection(SolutionConfigurationPlatforms) = preSolution
		Debug|Any CPU = Debug|Any CPU
		Release|Any CPU = Release|Any CPU
	EndGlobalSection
	GlobalSection(ProjectConfigurationPlatforms) = postSolution
		{175ADEFB-F861-429F-BA8C-1944D937F8EA}.Debug|Any CPU.ActiveCfg = Debug|Any CPU
		{175ADEFB-F861-429F-BA8C-1944D937F8EA}.Debug|Any CPU.Build.0 = Debug|Any CPU
		{175ADEFB-F861-429F-BA8C-1944D937F8EA}.Release|Any CPU.ActiveCfg = Release|Any CPU
		{175ADEFB-F861-429F-BA8C-1944D937F8EA}.Release|Any CPU.Build.0 = Release|Any CPU
	EndGlobalSection
	GlobalSection(SolutionProperties) = preSolution
		HideSolutionNode = FALSE
	EndGlobalSection
	GlobalSection(ExtensibilityGlobals) = postSolution
		SolutionGuid = {FE389AAB-864D-4DC5-835D-612E1882CE0C}
	EndGlobalSection
EndGlobal
